// !$*UTF8*$!
{
	archiveVersion = 1;
	classes = {
	};
	objectVersion = 50;
	objects = {

/* Begin PBXBuildFile section */
		AF5A0BBC2196970300CA1A3F /* ProductsTrackerTests.swift in Sources */ = {isa = PBXBuildFile; fileRef = AF5A0BBB2196970300CA1A3F /* ProductsTrackerTests.swift */; };
		AF5A0BC72196970300CA1A3F /* ProductsTrackerUITests.swift in Sources */ = {isa = PBXBuildFile; fileRef = AF5A0BC62196970300CA1A3F /* ProductsTrackerUITests.swift */; };
		AF5A0BDF2196983000CA1A3F /* ViewController.swift in Sources */ = {isa = PBXBuildFile; fileRef = AF5A0BD62196983000CA1A3F /* ViewController.swift */; };
		AF5A0BE02196983000CA1A3F /* AppDelegate.swift in Sources */ = {isa = PBXBuildFile; fileRef = AF5A0BD82196983000CA1A3F /* AppDelegate.swift */; };
		AF5A0BE12196983000CA1A3F /* Assets.xcassets in Resources */ = {isa = PBXBuildFile; fileRef = AF5A0BDA2196983000CA1A3F /* Assets.xcassets */; };
		AF5A0BE22196983000CA1A3F /* LaunchScreen.storyboard in Resources */ = {isa = PBXBuildFile; fileRef = AF5A0BDB2196983000CA1A3F /* LaunchScreen.storyboard */; };
		AF5A0BE32196983000CA1A3F /* Main.storyboard in Resources */ = {isa = PBXBuildFile; fileRef = AF5A0BDD2196983000CA1A3F /* Main.storyboard */; };
		AF5A0BE721969BE400CA1A3F /* ProductTableViewCell.swift in Sources */ = {isa = PBXBuildFile; fileRef = AF5A0BE621969BE400CA1A3F /* ProductTableViewCell.swift */; };
		AF5A0BE921969CB700CA1A3F /* Product.swift in Sources */ = {isa = PBXBuildFile; fileRef = AF5A0BE821969CB700CA1A3F /* Product.swift */; };
		AF5A0BEC21969F5E00CA1A3F /* MockDataHelper.swift in Sources */ = {isa = PBXBuildFile; fileRef = AF5A0BEB21969F5E00CA1A3F /* MockDataHelper.swift */; };
/* End PBXBuildFile section */

/* Begin PBXContainerItemProxy section */
		AF5A0BB82196970300CA1A3F /* PBXContainerItemProxy */ = {
			isa = PBXContainerItemProxy;
			containerPortal = AF5A0B9B2196970200CA1A3F /* Project object */;
			proxyType = 1;
			remoteGlobalIDString = AF5A0BA22196970200CA1A3F;
			remoteInfo = ProductsTracker;
		};
		AF5A0BC32196970300CA1A3F /* PBXContainerItemProxy */ = {
			isa = PBXContainerItemProxy;
			containerPortal = AF5A0B9B2196970200CA1A3F /* Project object */;
			proxyType = 1;
			remoteGlobalIDString = AF5A0BA22196970200CA1A3F;
			remoteInfo = ProductsTracker;
		};
/* End PBXContainerItemProxy section */

/* Begin PBXFileReference section */
		AF5A0BA32196970200CA1A3F /* ProductsTracker.app */ = {isa = PBXFileReference; explicitFileType = wrapper.application; includeInIndex = 0; path = ProductsTracker.app; sourceTree = BUILT_PRODUCTS_DIR; };
		AF5A0BB22196970300CA1A3F /* Info.plist */ = {isa = PBXFileReference; lastKnownFileType = text.plist.xml; path = Info.plist; sourceTree = "<group>"; };
		AF5A0BB72196970300CA1A3F /* ProductsTrackerTests.xctest */ = {isa = PBXFileReference; explicitFileType = wrapper.cfbundle; includeInIndex = 0; path = ProductsTrackerTests.xctest; sourceTree = BUILT_PRODUCTS_DIR; };
		AF5A0BBB2196970300CA1A3F /* ProductsTrackerTests.swift */ = {isa = PBXFileReference; lastKnownFileType = sourcecode.swift; path = ProductsTrackerTests.swift; sourceTree = "<group>"; };
		AF5A0BBD2196970300CA1A3F /* Info.plist */ = {isa = PBXFileReference; lastKnownFileType = text.plist.xml; path = Info.plist; sourceTree = "<group>"; };
		AF5A0BC22196970300CA1A3F /* ProductsTrackerUITests.xctest */ = {isa = PBXFileReference; explicitFileType = wrapper.cfbundle; includeInIndex = 0; path = ProductsTrackerUITests.xctest; sourceTree = BUILT_PRODUCTS_DIR; };
		AF5A0BC62196970300CA1A3F /* ProductsTrackerUITests.swift */ = {isa = PBXFileReference; lastKnownFileType = sourcecode.swift; path = ProductsTrackerUITests.swift; sourceTree = "<group>"; };
		AF5A0BC82196970300CA1A3F /* Info.plist */ = {isa = PBXFileReference; lastKnownFileType = text.plist.xml; path = Info.plist; sourceTree = "<group>"; };
		AF5A0BD62196983000CA1A3F /* ViewController.swift */ = {isa = PBXFileReference; fileEncoding = 4; lastKnownFileType = sourcecode.swift; path = ViewController.swift; sourceTree = "<group>"; };
		AF5A0BD82196983000CA1A3F /* AppDelegate.swift */ = {isa = PBXFileReference; fileEncoding = 4; lastKnownFileType = sourcecode.swift; path = AppDelegate.swift; sourceTree = "<group>"; };
		AF5A0BDA2196983000CA1A3F /* Assets.xcassets */ = {isa = PBXFileReference; lastKnownFileType = folder.assetcatalog; path = Assets.xcassets; sourceTree = "<group>"; };
		AF5A0BDC2196983000CA1A3F /* Base */ = {isa = PBXFileReference; lastKnownFileType = file.storyboard; name = Base; path = Base.lproj/LaunchScreen.storyboard; sourceTree = "<group>"; };
		AF5A0BDE2196983000CA1A3F /* Base */ = {isa = PBXFileReference; lastKnownFileType = file.storyboard; name = Base; path = Base.lproj/Main.storyboard; sourceTree = "<group>"; };
		AF5A0BE621969BE400CA1A3F /* ProductTableViewCell.swift */ = {isa = PBXFileReference; lastKnownFileType = sourcecode.swift; path = ProductTableViewCell.swift; sourceTree = "<group>"; };
		AF5A0BE821969CB700CA1A3F /* Product.swift */ = {isa = PBXFileReference; lastKnownFileType = sourcecode.swift; path = Product.swift; sourceTree = "<group>"; };
		AF5A0BEB21969F5E00CA1A3F /* MockDataHelper.swift */ = {isa = PBXFileReference; lastKnownFileType = sourcecode.swift; path = MockDataHelper.swift; sourceTree = "<group>"; };
/* End PBXFileReference section */

/* Begin PBXFrameworksBuildPhase section */
		AF5A0BA02196970200CA1A3F /* Frameworks */ = {
			isa = PBXFrameworksBuildPhase;
			buildActionMask = 2147483647;
			files = (
			);
			runOnlyForDeploymentPostprocessing = 0;
		};
		AF5A0BB42196970300CA1A3F /* Frameworks */ = {
			isa = PBXFrameworksBuildPhase;
			buildActionMask = 2147483647;
			files = (
			);
			runOnlyForDeploymentPostprocessing = 0;
		};
		AF5A0BBF2196970300CA1A3F /* Frameworks */ = {
			isa = PBXFrameworksBuildPhase;
			buildActionMask = 2147483647;
			files = (
			);
			runOnlyForDeploymentPostprocessing = 0;
		};
/* End PBXFrameworksBuildPhase section */

/* Begin PBXGroup section */
		AF5A0B9A2196970200CA1A3F = {
			isa = PBXGroup;
			children = (
				AF5A0BA52196970200CA1A3F /* ProductsTracker */,
				AF5A0BBA2196970300CA1A3F /* ProductsTrackerTests */,
				AF5A0BC52196970300CA1A3F /* ProductsTrackerUITests */,
				AF5A0BA42196970200CA1A3F /* Products */,
			);
			sourceTree = "<group>";
		};
		AF5A0BA42196970200CA1A3F /* Products */ = {
			isa = PBXGroup;
			children = (
				AF5A0BA32196970200CA1A3F /* ProductsTracker.app */,
				AF5A0BB72196970300CA1A3F /* ProductsTrackerTests.xctest */,
				AF5A0BC22196970300CA1A3F /* ProductsTrackerUITests.xctest */,
			);
			name = Products;
			sourceTree = "<group>";
		};
		AF5A0BA52196970200CA1A3F /* ProductsTracker */ = {
			isa = PBXGroup;
			children = (
				AF5A0BD42196983000CA1A3F /* Classes */,
				AF5A0BD92196983000CA1A3F /* Resources */,
				AF5A0BB22196970300CA1A3F /* Info.plist */,
			);
			path = ProductsTracker;
			sourceTree = "<group>";
		};
		AF5A0BBA2196970300CA1A3F /* ProductsTrackerTests */ = {
			isa = PBXGroup;
			children = (
				AF5A0BBB2196970300CA1A3F /* ProductsTrackerTests.swift */,
				AF5A0BBD2196970300CA1A3F /* Info.plist */,
			);
			path = ProductsTrackerTests;
			sourceTree = "<group>";
		};
		AF5A0BC52196970300CA1A3F /* ProductsTrackerUITests */ = {
			isa = PBXGroup;
			children = (
				AF5A0BC62196970300CA1A3F /* ProductsTrackerUITests.swift */,
				AF5A0BC82196970300CA1A3F /* Info.plist */,
			);
			path = ProductsTrackerUITests;
			sourceTree = "<group>";
		};
		AF5A0BD42196983000CA1A3F /* Classes */ = {
			isa = PBXGroup;
			children = (
				AF5A0BEA21969F5300CA1A3F /* Helpers */,
				AF5A0BE521969BC900CA1A3F /* Models */,
				AF5A0BE421969BC900CA1A3F /* Views */,
				AF5A0BD52196983000CA1A3F /* ViewControllers */,
				AF5A0BD72196983000CA1A3F /* AppDelegate */,
			);
			path = Classes;
			sourceTree = "<group>";
		};
		AF5A0BD52196983000CA1A3F /* ViewControllers */ = {
			isa = PBXGroup;
			children = (
				AF5A0BD62196983000CA1A3F /* ViewController.swift */,
			);
			path = ViewControllers;
			sourceTree = "<group>";
		};
		AF5A0BD72196983000CA1A3F /* AppDelegate */ = {
			isa = PBXGroup;
			children = (
				AF5A0BD82196983000CA1A3F /* AppDelegate.swift */,
			);
			path = AppDelegate;
			sourceTree = "<group>";
		};
		AF5A0BD92196983000CA1A3F /* Resources */ = {
			isa = PBXGroup;
			children = (
				AF5A0BDA2196983000CA1A3F /* Assets.xcassets */,
				AF5A0BDB2196983000CA1A3F /* LaunchScreen.storyboard */,
				AF5A0BDD2196983000CA1A3F /* Main.storyboard */,
			);
			path = Resources;
			sourceTree = "<group>";
		};
		AF5A0BE421969BC900CA1A3F /* Views */ = {
			isa = PBXGroup;
			children = (
				AF5A0BE621969BE400CA1A3F /* ProductTableViewCell.swift */,
			);
			path = Views;
			sourceTree = "<group>";
		};
		AF5A0BE521969BC900CA1A3F /* Models */ = {
			isa = PBXGroup;
			children = (
				AF5A0BE821969CB700CA1A3F /* Product.swift */,
			);
			path = Models;
			sourceTree = "<group>";
		};
		AF5A0BEA21969F5300CA1A3F /* Helpers */ = {
			isa = PBXGroup;
			children = (
				AF5A0BEB21969F5E00CA1A3F /* MockDataHelper.swift */,
			);
			path = Helpers;
			sourceTree = "<group>";
		};
/* End PBXGroup section */

/* Begin PBXNativeTarget section */
		AF5A0BA22196970200CA1A3F /* ProductsTracker */ = {
			isa = PBXNativeTarget;
			buildConfigurationList = AF5A0BCB2196970300CA1A3F /* Build configuration list for PBXNativeTarget "ProductsTracker" */;
			buildPhases = (
				AF5A0B9F2196970200CA1A3F /* Sources */,
				AF5A0BA02196970200CA1A3F /* Frameworks */,
				AF5A0BA12196970200CA1A3F /* Resources */,
			);
			buildRules = (
			);
			dependencies = (
			);
			name = ProductsTracker;
			productName = ProductsTracker;
			productReference = AF5A0BA32196970200CA1A3F /* ProductsTracker.app */;
			productType = "com.apple.product-type.application";
		};
		AF5A0BB62196970300CA1A3F /* ProductsTrackerTests */ = {
			isa = PBXNativeTarget;
			buildConfigurationList = AF5A0BCE2196970300CA1A3F /* Build configuration list for PBXNativeTarget "ProductsTrackerTests" */;
			buildPhases = (
				AF5A0BB32196970300CA1A3F /* Sources */,
				AF5A0BB42196970300CA1A3F /* Frameworks */,
				AF5A0BB52196970300CA1A3F /* Resources */,
			);
			buildRules = (
			);
			dependencies = (
				AF5A0BB92196970300CA1A3F /* PBXTargetDependency */,
			);
			name = ProductsTrackerTests;
			productName = ProductsTrackerTests;
			productReference = AF5A0BB72196970300CA1A3F /* ProductsTrackerTests.xctest */;
			productType = "com.apple.product-type.bundle.unit-test";
		};
		AF5A0BC12196970300CA1A3F /* ProductsTrackerUITests */ = {
			isa = PBXNativeTarget;
			buildConfigurationList = AF5A0BD12196970300CA1A3F /* Build configuration list for PBXNativeTarget "ProductsTrackerUITests" */;
			buildPhases = (
				AF5A0BBE2196970300CA1A3F /* Sources */,
				AF5A0BBF2196970300CA1A3F /* Frameworks */,
				AF5A0BC02196970300CA1A3F /* Resources */,
			);
			buildRules = (
			);
			dependencies = (
				AF5A0BC42196970300CA1A3F /* PBXTargetDependency */,
			);
			name = ProductsTrackerUITests;
			productName = ProductsTrackerUITests;
			productReference = AF5A0BC22196970300CA1A3F /* ProductsTrackerUITests.xctest */;
			productType = "com.apple.product-type.bundle.ui-testing";
		};
/* End PBXNativeTarget section */

/* Begin PBXProject section */
		AF5A0B9B2196970200CA1A3F /* Project object */ = {
			isa = PBXProject;
			attributes = {
				LastSwiftUpdateCheck = 1010;
				LastUpgradeCheck = 1010;
				ORGANIZATIONNAME = "Manuel Olmos Gil";
				TargetAttributes = {
					AF5A0BA22196970200CA1A3F = {
						CreatedOnToolsVersion = 10.1;
					};
					AF5A0BB62196970300CA1A3F = {
						CreatedOnToolsVersion = 10.1;
						TestTargetID = AF5A0BA22196970200CA1A3F;
					};
					AF5A0BC12196970300CA1A3F = {
						CreatedOnToolsVersion = 10.1;
						TestTargetID = AF5A0BA22196970200CA1A3F;
					};
				};
			};
			buildConfigurationList = AF5A0B9E2196970200CA1A3F /* Build configuration list for PBXProject "ProductsTracker" */;
			compatibilityVersion = "Xcode 9.3";
			developmentRegion = en;
			hasScannedForEncodings = 0;
			knownRegions = (
				en,
				Base,
			);
			mainGroup = AF5A0B9A2196970200CA1A3F;
			productRefGroup = AF5A0BA42196970200CA1A3F /* Products */;
			projectDirPath = "";
			projectRoot = "";
			targets = (
				AF5A0BA22196970200CA1A3F /* ProductsTracker */,
				AF5A0BB62196970300CA1A3F /* ProductsTrackerTests */,
				AF5A0BC12196970300CA1A3F /* ProductsTrackerUITests */,
			);
		};
/* End PBXProject section */

/* Begin PBXResourcesBuildPhase section */
		AF5A0BA12196970200CA1A3F /* Resources */ = {
			isa = PBXResourcesBuildPhase;
			buildActionMask = 2147483647;
			files = (
				AF5A0BE32196983000CA1A3F /* Main.storyboard in Resources */,
				AF5A0BE12196983000CA1A3F /* Assets.xcassets in Resources */,
				AF5A0BE22196983000CA1A3F /* LaunchScreen.storyboard in Resources */,
			);
			runOnlyForDeploymentPostprocessing = 0;
		};
		AF5A0BB52196970300CA1A3F /* Resources */ = {
			isa = PBXResourcesBuildPhase;
			buildActionMask = 2147483647;
			files = (
			);
			runOnlyForDeploymentPostprocessing = 0;
		};
		AF5A0BC02196970300CA1A3F /* Resources */ = {
			isa = PBXResourcesBuildPhase;
			buildActionMask = 2147483647;
			files = (
			);
			runOnlyForDeploymentPostprocessing = 0;
		};
/* End PBXResourcesBuildPhase section */

/* Begin PBXSourcesBuildPhase section */
		AF5A0B9F2196970200CA1A3F /* Sources */ = {
			isa = PBXSourcesBuildPhase;
			buildActionMask = 2147483647;
			files = (
				AF5A0BE02196983000CA1A3F /* AppDelegate.swift in Sources */,
				AF5A0BE921969CB700CA1A3F /* Product.swift in Sources */,
				AF5A0BDF2196983000CA1A3F /* ViewController.swift in Sources */,
				AF5A0BE721969BE400CA1A3F /* ProductTableViewCell.swift in Sources */,
				AF5A0BEC21969F5E00CA1A3F /* MockDataHelper.swift in Sources */,
			);
			runOnlyForDeploymentPostprocessing = 0;
		};
		AF5A0BB32196970300CA1A3F /* Sources */ = {
			isa = PBXSourcesBuildPhase;
			buildActionMask = 2147483647;
			files = (
				AF5A0BBC2196970300CA1A3F /* ProductsTrackerTests.swift in Sources */,
			);
			runOnlyForDeploymentPostprocessing = 0;
		};
		AF5A0BBE2196970300CA1A3F /* Sources */ = {
			isa = PBXSourcesBuildPhase;
			buildActionMask = 2147483647;
			files = (
				AF5A0BC72196970300CA1A3F /* ProductsTrackerUITests.swift in Sources */,
			);
			runOnlyForDeploymentPostprocessing = 0;
		};
/* End PBXSourcesBuildPhase section */

/* Begin PBXTargetDependency section */
		AF5A0BB92196970300CA1A3F /* PBXTargetDependency */ = {
			isa = PBXTargetDependency;
			target = AF5A0BA22196970200CA1A3F /* ProductsTracker */;
			targetProxy = AF5A0BB82196970300CA1A3F /* PBXContainerItemProxy */;
		};
		AF5A0BC42196970300CA1A3F /* PBXTargetDependency */ = {
			isa = PBXTargetDependency;
			target = AF5A0BA22196970200CA1A3F /* ProductsTracker */;
			targetProxy = AF5A0BC32196970300CA1A3F /* PBXContainerItemProxy */;
		};
/* End PBXTargetDependency section */

/* Begin PBXVariantGroup section */
		AF5A0BDB2196983000CA1A3F /* LaunchScreen.storyboard */ = {
			isa = PBXVariantGroup;
			children = (
				AF5A0BDC2196983000CA1A3F /* Base */,
			);
			name = LaunchScreen.storyboard;
			sourceTree = "<group>";
		};
		AF5A0BDD2196983000CA1A3F /* Main.storyboard */ = {
			isa = PBXVariantGroup;
			children = (
				AF5A0BDE2196983000CA1A3F /* Base */,
			);
			name = Main.storyboard;
			sourceTree = "<group>";
		};
/* End PBXVariantGroup section */

/* Begin XCBuildConfiguration section */
		AF5A0BC92196970300CA1A3F /* Debug */ = {
			isa = XCBuildConfiguration;
			buildSettings = {
				ALWAYS_SEARCH_USER_PATHS = NO;
				CLANG_ANALYZER_NONNULL = YES;
				CLANG_ANALYZER_NUMBER_OBJECT_CONVERSION = YES_AGGRESSIVE;
				CLANG_CXX_LANGUAGE_STANDARD = "gnu++14";
				CLANG_CXX_LIBRARY = "libc++";
				CLANG_ENABLE_MODULES = YES;
				CLANG_ENABLE_OBJC_ARC = YES;
				CLANG_ENABLE_OBJC_WEAK = YES;
				CLANG_WARN_BLOCK_CAPTURE_AUTORELEASING = YES;
				CLANG_WARN_BOOL_CONVERSION = YES;
				CLANG_WARN_COMMA = YES;
				CLANG_WARN_CONSTANT_CONVERSION = YES;
				CLANG_WARN_DEPRECATED_OBJC_IMPLEMENTATIONS = YES;
				CLANG_WARN_DIRECT_OBJC_ISA_USAGE = YES_ERROR;
				CLANG_WARN_DOCUMENTATION_COMMENTS = YES;
				CLANG_WARN_EMPTY_BODY = YES;
				CLANG_WARN_ENUM_CONVERSION = YES;
				CLANG_WARN_INFINITE_RECURSION = YES;
				CLANG_WARN_INT_CONVERSION = YES;
				CLANG_WARN_NON_LITERAL_NULL_CONVERSION = YES;
				CLANG_WARN_OBJC_IMPLICIT_RETAIN_SELF = YES;
				CLANG_WARN_OBJC_LITERAL_CONVERSION = YES;
				CLANG_WARN_OBJC_ROOT_CLASS = YES_ERROR;
				CLANG_WARN_RANGE_LOOP_ANALYSIS = YES;
				CLANG_WARN_STRICT_PROTOTYPES = YES;
				CLANG_WARN_SUSPICIOUS_MOVE = YES;
				CLANG_WARN_UNGUARDED_AVAILABILITY = YES_AGGRESSIVE;
				CLANG_WARN_UNREACHABLE_CODE = YES;
				CLANG_WARN__DUPLICATE_METHOD_MATCH = YES;
				CODE_SIGN_IDENTITY = "iPhone Developer";
				COPY_PHASE_STRIP = NO;
				DEBUG_INFORMATION_FORMAT = dwarf;
				ENABLE_STRICT_OBJC_MSGSEND = YES;
				ENABLE_TESTABILITY = YES;
				GCC_C_LANGUAGE_STANDARD = gnu11;
				GCC_DYNAMIC_NO_PIC = NO;
				GCC_NO_COMMON_BLOCKS = YES;
				GCC_OPTIMIZATION_LEVEL = 0;
				GCC_PREPROCESSOR_DEFINITIONS = (
					"DEBUG=1",
					"$(inherited)",
				);
				GCC_WARN_64_TO_32_BIT_CONVERSION = YES;
				GCC_WARN_ABOUT_RETURN_TYPE = YES_ERROR;
				GCC_WARN_UNDECLARED_SELECTOR = YES;
				GCC_WARN_UNINITIALIZED_AUTOS = YES_AGGRESSIVE;
				GCC_WARN_UNUSED_FUNCTION = YES;
				GCC_WARN_UNUSED_VARIABLE = YES;
				IPHONEOS_DEPLOYMENT_TARGET = 12.1;
				MTL_ENABLE_DEBUG_INFO = INCLUDE_SOURCE;
				MTL_FAST_MATH = YES;
				ONLY_ACTIVE_ARCH = YES;
				SDKROOT = iphoneos;
				SWIFT_ACTIVE_COMPILATION_CONDITIONS = DEBUG;
				SWIFT_OPTIMIZATION_LEVEL = "-Onone";
			};
			name = Debug;
		};
		AF5A0BCA2196970300CA1A3F /* Release */ = {
			isa = XCBuildConfiguration;
			buildSettings = {
				ALWAYS_SEARCH_USER_PATHS = NO;
				CLANG_ANALYZER_NONNULL = YES;
				CLANG_ANALYZER_NUMBER_OBJECT_CONVERSION = YES_AGGRESSIVE;
				CLANG_CXX_LANGUAGE_STANDARD = "gnu++14";
				CLANG_CXX_LIBRARY = "libc++";
				CLANG_ENABLE_MODULES = YES;
				CLANG_ENABLE_OBJC_ARC = YES;
				CLANG_ENABLE_OBJC_WEAK = YES;
				CLANG_WARN_BLOCK_CAPTURE_AUTORELEASING = YES;
				CLANG_WARN_BOOL_CONVERSION = YES;
				CLANG_WARN_COMMA = YES;
				CLANG_WARN_CONSTANT_CONVERSION = YES;
				CLANG_WARN_DEPRECATED_OBJC_IMPLEMENTATIONS = YES;
				CLANG_WARN_DIRECT_OBJC_ISA_USAGE = YES_ERROR;
				CLANG_WARN_DOCUMENTATION_COMMENTS = YES;
				CLANG_WARN_EMPTY_BODY = YES;
				CLANG_WARN_ENUM_CONVERSION = YES;
				CLANG_WARN_INFINITE_RECURSION = YES;
				CLANG_WARN_INT_CONVERSION = YES;
				CLANG_WARN_NON_LITERAL_NULL_CONVERSION = YES;
				CLANG_WARN_OBJC_IMPLICIT_RETAIN_SELF = YES;
				CLANG_WARN_OBJC_LITERAL_CONVERSION = YES;
				CLANG_WARN_OBJC_ROOT_CLASS = YES_ERROR;
				CLANG_WARN_RANGE_LOOP_ANALYSIS = YES;
				CLANG_WARN_STRICT_PROTOTYPES = YES;
				CLANG_WARN_SUSPICIOUS_MOVE = YES;
				CLANG_WARN_UNGUARDED_AVAILABILITY = YES_AGGRESSIVE;
				CLANG_WARN_UNREACHABLE_CODE = YES;
				CLANG_WARN__DUPLICATE_METHOD_MATCH = YES;
				CODE_SIGN_IDENTITY = "iPhone Developer";
				COPY_PHASE_STRIP = NO;
				DEBUG_INFORMATION_FORMAT = "dwarf-with-dsym";
				ENABLE_NS_ASSERTIONS = NO;
				ENABLE_STRICT_OBJC_MSGSEND = YES;
				GCC_C_LANGUAGE_STANDARD = gnu11;
				GCC_NO_COMMON_BLOCKS = YES;
				GCC_WARN_64_TO_32_BIT_CONVERSION = YES;
				GCC_WARN_ABOUT_RETURN_TYPE = YES_ERROR;
				GCC_WARN_UNDECLARED_SELECTOR = YES;
				GCC_WARN_UNINITIALIZED_AUTOS = YES_AGGRESSIVE;
				GCC_WARN_UNUSED_FUNCTION = YES;
				GCC_WARN_UNUSED_VARIABLE = YES;
				IPHONEOS_DEPLOYMENT_TARGET = 12.1;
				MTL_ENABLE_DEBUG_INFO = NO;
				MTL_FAST_MATH = YES;
				SDKROOT = iphoneos;
				SWIFT_COMPILATION_MODE = wholemodule;
				SWIFT_OPTIMIZATION_LEVEL = "-O";
				VALIDATE_PRODUCT = YES;
			};
			name = Release;
		};
		AF5A0BCC2196970300CA1A3F /* Debug */ = {
			isa = XCBuildConfiguration;
			buildSettings = {
				ASSETCATALOG_COMPILER_APPICON_NAME = AppIcon;
				CODE_SIGN_STYLE = Automatic;
				DEVELOPMENT_TEAM = 4D398WLJVB;
				INFOPLIST_FILE = ProductsTracker/Info.plist;
				LD_RUNPATH_SEARCH_PATHS = (
					"$(inherited)",
					"@executable_path/Frameworks",
				);
				PRODUCT_BUNDLE_IDENTIFIER = com.manuelolmosgil.ProductsTracker;
				PRODUCT_NAME = "$(TARGET_NAME)";
				SWIFT_VERSION = 4.2;
				TARGETED_DEVICE_FAMILY = "1,2";
			};
			name = Debug;
		};
		AF5A0BCD2196970300CA1A3F /* Release */ = {
			isa = XCBuildConfiguration;
			buildSettings = {
				ASSETCATALOG_COMPILER_APPICON_NAME = AppIcon;
				CODE_SIGN_STYLE = Automatic;
				DEVELOPMENT_TEAM = 4D398WLJVB;
				INFOPLIST_FILE = ProductsTracker/Info.plist;
				LD_RUNPATH_SEARCH_PATHS = (
					"$(inherited)",
					"@executable_path/Frameworks",
				);
				PRODUCT_BUNDLE_IDENTIFIER = com.manuelolmosgil.ProductsTracker;
				PRODUCT_NAME = "$(TARGET_NAME)";
				SWIFT_VERSION = 4.2;
				TARGETED_DEVICE_FAMILY = "1,2";
			};
			name = Release;
		};
		AF5A0BCF2196970300CA1A3F /* Debug */ = {
			isa = XCBuildConfiguration;
			buildSettings = {
				ALWAYS_EMBED_SWIFT_STANDARD_LIBRARIES = YES;
				BUNDLE_LOADER = "$(TEST_HOST)";
				CODE_SIGN_STYLE = Automatic;
				DEVELOPMENT_TEAM = 4D398WLJVB;
				INFOPLIST_FILE = ProductsTrackerTests/Info.plist;
				LD_RUNPATH_SEARCH_PATHS = (
					"$(inherited)",
					"@executable_path/Frameworks",
					"@loader_path/Frameworks",
				);
				PRODUCT_BUNDLE_IDENTIFIER = com.manuelolmosgil.ProductsTrackerTests;
				PRODUCT_NAME = "$(TARGET_NAME)";
				SWIFT_VERSION = 4.2;
				TARGETED_DEVICE_FAMILY = "1,2";
				TEST_HOST = "$(BUILT_PRODUCTS_DIR)/ProductsTracker.app/ProductsTracker";
			};
			name = Debug;
		};
		AF5A0BD02196970300CA1A3F /* Release */ = {
			isa = XCBuildConfiguration;
			buildSettings = {
				ALWAYS_EMBED_SWIFT_STANDARD_LIBRARIES = YES;
				BUNDLE_LOADER = "$(TEST_HOST)";
				CODE_SIGN_STYLE = Automatic;
				DEVELOPMENT_TEAM = 4D398WLJVB;
				INFOPLIST_FILE = ProductsTrackerTests/Info.plist;
				LD_RUNPATH_SEARCH_PATHS = (
					"$(inherited)",
					"@executable_path/Frameworks",
					"@loader_path/Frameworks",
				);
				PRODUCT_BUNDLE_IDENTIFIER = com.manuelolmosgil.ProductsTrackerTests;
				PRODUCT_NAME = "$(TARGET_NAME)";
				SWIFT_VERSION = 4.2;
				TARGETED_DEVICE_FAMILY = "1,2";
				TEST_HOST = "$(BUILT_PRODUCTS_DIR)/ProductsTracker.app/ProductsTracker";
			};
			name = Release;
		};
		AF5A0BD22196970300CA1A3F /* Debug */ = {
			isa = XCBuildConfiguration;
			buildSettings = {
				ALWAYS_EMBED_SWIFT_STANDARD_LIBRARIES = YES;
				CODE_SIGN_STYLE = Automatic;
				DEVELOPMENT_TEAM = 4D398WLJVB;
				INFOPLIST_FILE = ProductsTrackerUITests/Info.plist;
				LD_RUNPATH_SEARCH_PATHS = (
					"$(inherited)",
					"@executable_path/Frameworks",
					"@loader_path/Frameworks",
				);
				PRODUCT_BUNDLE_IDENTIFIER = com.manuelolmosgil.ProductsTrackerUITests;
				PRODUCT_NAME = "$(TARGET_NAME)";
				SWIFT_VERSION = 4.2;
				TARGETED_DEVICE_FAMILY = "1,2";
				TEST_TARGET_NAME = ProductsTracker;
			};
			name = Debug;
		};
		AF5A0BD32196970300CA1A3F /* Release */ = {
			isa = XCBuildConfiguration;
			buildSettings = {
				ALWAYS_EMBED_SWIFT_STANDARD_LIBRARIES = YES;
				CODE_SIGN_STYLE = Automatic;
				DEVELOPMENT_TEAM = 4D398WLJVB;
				INFOPLIST_FILE = ProductsTrackerUITests/Info.plist;
				LD_RUNPATH_SEARCH_PATHS = (
					"$(inherited)",
					"@executable_path/Frameworks",
					"@loader_path/Frameworks",
				);
				PRODUCT_BUNDLE_IDENTIFIER = com.manuelolmosgil.ProductsTrackerUITests;
				PRODUCT_NAME = "$(TARGET_NAME)";
				SWIFT_VERSION = 4.2;
				TARGETED_DEVICE_FAMILY = "1,2";
				TEST_TARGET_NAME = ProductsTracker;
			};
			name = Release;
		};
/* End XCBuildConfiguration section */

/* Begin XCConfigurationList section */
		AF5A0B9E2196970200CA1A3F /* Build configuration list for PBXProject "ProductsTracker" */ = {
			isa = XCConfigurationList;
			buildConfigurations = (
				AF5A0BC92196970300CA1A3F /* Debug */,
				AF5A0BCA2196970300CA1A3F /* Release */,
			);
			defaultConfigurationIsVisible = 0;
			defaultConfigurationName = Release;
		};
		AF5A0BCB2196970300CA1A3F /* Build configuration list for PBXNativeTarget "ProductsTracker" */ = {
			isa = XCConfigurationList;
			buildConfigurations = (
				AF5A0BCC2196970300CA1A3F /* Debug */,
				AF5A0BCD2196970300CA1A3F /* Release */,
			);
			defaultConfigurationIsVisible = 0;
			defaultConfigurationName = Release;
		};
		AF5A0BCE2196970300CA1A3F /* Build configuration list for PBXNativeTarget "ProductsTrackerTests" */ = {
			isa = XCConfigurationList;
			buildConfigurations = (
				AF5A0BCF2196970300CA1A3F /* Debug */,
				AF5A0BD02196970300CA1A3F /* Release */,
			);
			defaultConfigurationIsVisible = 0;
			defaultConfigurationName = Release;
		};
		AF5A0BD12196970300CA1A3F /* Build configuration list for PBXNativeTarget "ProductsTrackerUITests" */ = {
			isa = XCConfigurationList;
			buildConfigurations = (
				AF5A0BD22196970300CA1A3F /* Debug */,
				AF5A0BD32196970300CA1A3F /* Release */,
			);
			defaultConfigurationIsVisible = 0;
			defaultConfigurationName = Release;
		};
/* End XCConfigurationList section */
	};
	rootObject = AF5A0B9B2196970200CA1A3F /* Project object */;
}
